
Microsoft Visual Studio Solution File, Format Version 12.00
# Visual Studio Version 16
VisualStudioVersion = 16.0.31702.278
MinimumVisualStudioVersion = 10.0.40219.1
Project("{FAE04EC0-301F-11D3-BF4B-00C04F79EFBC}") = "SimpleApp01", "SimpleApp01\SimpleApp01.csproj", "{17709A84-9112-4149-AF67-66C1522320F8}"
EndProject
Global
	GlobalSection(SolutionConfigurationPlatforms) = preSolution
		Debug|Any CPU = Debug|Any CPU
		Release|Any CPU = Release|Any CPU
	EndGlobalSection
	GlobalSection(ProjectConfigurationPlatforms) = postSolution
		{17709A84-9112-4149-AF67-66C1522320F8}.Debug|Any CPU.ActiveCfg = Debug|Any CPU
		{17709A84-9112-4149-AF67-66C1522320F8}.Debug|Any CPU.Build.0 = Debug|Any CPU
		{17709A84-9112-4149-AF67-66C1522320F8}.Release|Any CPU.ActiveCfg = Release|Any CPU
		{17709A84-9112-4149-AF67-66C1522320F8}.Release|Any CPU.Build.0 = Release|Any CPU
	EndGlobalSection
	GlobalSection(SolutionProperties) = preSolution
		HideSolutionNode = FALSE
	EndGlobalSection
	GlobalSection(ExtensibilityGlobals) = postSolution
		SolutionGuid = {8A8FD167-6ABE-4030-A599-379D8AD6F5B5}
	EndGlobalSection
EndGlobal
